lockfileVersion: '9.0'

settings:
  autoInstallPeers: true
  excludeLinksFromLockfile: false

importers:

  .:
    dependencies:
      tldts:
        specifier: 7.1.2
        version: 7.1.2
    devDependencies:
      '@biomejs/biome':
        specifier: 2.5.0
        version: 2.5.0
      '@simplewebauthn/server':
        specifier: 13.3.2
        version: 13.3.2
      '@tsconfig/recommended':
        specifier: 1.0.13
        version: 1.0.13
      '@types/node':
        specifier: 26.1.1
        version: 26.1.1
      typescript:
        specifier: 7.0.2
        version: 7.0.2

packages:

  '@biomejs/biome@2.5.0':
    resolution: {integrity: sha512-4kURkd9hAPrdDM3C9n82ycYgx8hvQcW6MjKTEejruj8rK0N8P3OPpdy8BvI8kt3KWY4ycF5XtDOrktetEfhfuw==}
    engines: {node: '>=14.21.3'}
    hasBin: true

  '@biomejs/cli-darwin-arm64@2.5.0':
    resolution: {integrity: sha512-Mn3Fwi3SA5fgmfCPqmzpWF2DLZnms3BVAhM088nTnGrTZmHS3wwIjcoZPqpXeNgd3DrrLH6xp8vTLIBuJoZiXw==}
    engines: {node: '>=14.21.3'}
    cpu: [arm64]
    os: [darwin]

  '@biomejs/cli-darwin-x64@2.5.0':
    resolution: {integrity: sha512-rg3VPL5P8mYro6pqlXYXuJWph21slVp3SZtAqWSrkZs40d2gTzYmHF8E/X1iTID25btmNKltNDJ926sqVBp7DQ==}
    engines: {node: '>=14.21.3'}
    cpu: [x64]
    os: [darwin]

  '@biomejs/cli-linux-arm64-musl@2.5.0':
    resolution: {integrity: sha512-vQdM4oSGaf7ZNeGO9w5+Y8SBtyser9M6znxYbm7Ec8wInxJu1WiKxFYZW5Auj2d80bcVvefuGGRxoFOE0eee8g==}
    engines: {node: '>=14.21.3'}
    cpu: [arm64]
    os: [linux]
    libc: [musl]

  '@biomejs/cli-linux-arm64@2.5.0':
    resolution: {integrity: sha512-tl+LW8fdD96/xdeWtWwc82LIOc5CoY7N2AsogLTp5R4ECErYt+8Jl/N68ezN9vzSiqPTxw6vjcihoLPYKZHrlw==}
    engines: {node: '>=14.21.3'}
    cpu: [arm64]
    os: [linux]
    libc: [glibc]

  '@biomejs/cli-linux-x64-musl@2.5.0':
    resolution: {integrity: sha512-+9hIcMngJ+yGUahXqZuZ8CoWKJE9SAZsFsM3QDvXpNsLbXZ9lqVzgBhOk/jTSYkOA0GLP9eu3teukqpLUojHMg==}
    engines: {node: '>=14.21.3'}
    cpu: [x64]
    os: [linux]
    libc: [musl]

  '@biomejs/cli-linux-x64@2.5.0':
    resolution: {integrity: sha512-zpEGf4RQbFEh8Vt7OmavLyyOzRbtcE9osCqrS1kfvt8jDvxwhKXLSf7n0ebr/ov0RJ9ssP+lhs6C8a9WwFvrQA==}
    engines: {node: '>=14.21.3'}
    cpu: [x64]
    os: [linux]
    libc: [glibc]

  '@biomejs/cli-win32-arm64@2.5.0':
    resolution: {integrity: sha512-jB0wAvTLI4itx5VidqVUejPQFhRUxiZ9l9FvZ26D5fl6t3qme+ZB4PD3bTSeL1vZ8NI2Rx/zj6H9zcESuGHKGw==}
    engines: {node: '>=14.21.3'}
    cpu: [arm64]
    os: [win32]

  '@biomejs/cli-win32-x64@2.5.0':
    resolution: {integrity: sha512-VT/lF+GId+67j8aDfLkxdxNoVApsPSTbyAtB3jJq0IWTrY77WXfbPfpngxq0bA6JCEv/7k8C9qWjDRKRznDlyw==}
    engines: {node: '>=14.21.3'}
    cpu: [x64]
    os: [win32]

  '@hexagon/base64@1.1.28':
    resolution: {integrity: sha512-lhqDEAvWixy3bZ+UOYbPwUbBkwBq5C1LAJ/xPC8Oi+lL54oyakv/npbA0aU2hgCsx/1NUd4IBvV03+aUBWxerw==}

  '@levischuck/tiny-cbor@0.2.11':
    resolution: {integrity: sha512-llBRm4dT4Z89aRsm6u2oEZ8tfwL/2l6BwpZ7JcyieouniDECM5AqNgr/y08zalEIvW3RSK4upYyybDcmjXqAow==}

  '@peculiar/asn1-android@2.8.0':
    resolution: {integrity: sha512-skLbS+IOGv1lUgDqtChr8xvtvEr3HMse/JGBaL2r1J1o/n7a8wqOrovMtlRq/UXLhxvmLaONP67hwtshgzwfzA==}

  '@peculiar/asn1-cms@2.8.0':
    resolution: {integrity: sha512-NgekZOrSJFSBFLFoLfwePguAWAx7z1+f2TEsWFUMyiqqfntZ4+S/S5hzqME3q4pCA0iOsFKdwiQ35dwY24eVqA==}

  '@peculiar/asn1-csr@2.8.0':
    resolution: {integrity: sha512-akbF8+uvleHs8sejNPQxwmVFuInAg6FMNHOwMILXfP518YfFJwdR3jr6oNUPOaEJfuEhn/vkNOCIT6ASUd4mbg==}

  '@peculiar/asn1-ecc@2.8.0':
    resolution: {integrity: sha512-ohwlk+u9Rv2NOAY1c6MfHj45ATVF8R1DUN/WCgABiRtLi2ZftlZWZX7KvpAbU8v9xPcmoILfELeEABj/rn18AQ==}

  '@peculiar/asn1-pfx@2.8.0':
    resolution: {integrity: sha512-5yof1ytoB++RQtaFbqSUJ8pxDJtZT6vbVqZ8XoJ61ph7UjNVvfFwAilnCodqkNsAodpy13gDhoxZXw00pghnyg==}

  '@peculiar/asn1-pkcs8@2.8.0':
    resolution: {integrity: sha512-qAKXtLpBEw9LqhKpjw3ajZSXlBur+ipW+y2ivVBQAG6F6qRx94yO+1ZR4mvw+YaCfKSaOzLeYEzsPaBp4SJELA==}

  '@peculiar/asn1-pkcs9@2.8.0':
    resolution: {integrity: sha512-b5nDWCnkV60+cQ141D6sVVwK9nz64R5n3zSVnklGd+ECdkW2Ol3U1a6yYFlalpSOaD557yuJB64A+q42jG7lUQ==}

  '@peculiar/asn1-rsa@2.8.0':
    resolution: {integrity: sha512-zHEUlCqB2mk7x2lxDwHHJy7hWZOPdGHVlsmITWKB5/PbQo61atbu9PJ/0r9dQNMwFzbKPXZ8uK8/91eUhRznSg==}

  '@peculiar/asn1-schema@2.8.0':
    resolution: {integrity: sha512-7YT0U/ze0tF2QOBbE15gKZwy5tvgGyLRiRHLzhlbOpf7BT032oBSd0haZqXn5W6l26WLlu3dyxzjM+2638/z2Q==}

  '@peculiar/asn1-x509-attr@2.8.0':
    resolution: {integrity: sha512-tHjkfS/qhMnmrlB2J9NhflQlQ7In3khO3CfmVrriOlpTeErY9ZIKOso1hQ5JQiyrJ7ShvqVPk7E5fQmbclkSKA==}

  '@peculiar/asn1-x509@2.8.0':
    resolution: {integrity: sha512-N0CMuhWUzsWEVq6F1q9X6+VKUnWzSW+cSVg+aPaGGwDdbFoFWTYgin5MHwXgpWd6y9COMBxnfy/Qc+Xc7F0Zwg==}

  '@peculiar/utils@2.0.3':
    resolution: {integrity: sha512-+oL3HPFRIZ1St2K50lWCXiioIgSoxzz7R1J3uF6neO2yl1sgmpgY6XXJH4BdpoDkMWznQTeYF6oWNDZLCdQ4eQ==}

  '@peculiar/x509@1.14.3':
    resolution: {integrity: sha512-C2Xj8FZ0uHWeCXXqX5B4/gVFQmtSkiuOolzAgutjTfseNOHT3pUjljDZsTSxXFGgio54bCzVFqmEOUrIVk8RDA==}
    engines: {node: '>=20.0.0'}

  '@simplewebauthn/server@13.3.2':
    resolution: {integrity: sha512-KEDhfcGP1PAKRVSDjA3npTQFqS2b/srm+ipoNBNHdkzrHAlaRQUTE+a5f4ywsx6thxAw1NU2rYcLEY1949RGbQ==}
    engines: {node: '>=20.0.0'}

  '@tsconfig/recommended@1.0.13':
    resolution: {integrity: sha512-sySRuBfMKyKO/j2ZAhR8kSembhjuPEV4Ra3AHtmWLq51+iGaudr45crPSzNC5b7/Ctrh9dfUpBuTlYrH6rM58Q==}

  '@types/node@26.1.1':
    resolution: {integrity: sha512-nxAkRSVkN1Y0JC1W8ky/fTfkGsMmcrRsbx+3XoZE+rMOX71kLYTV7fLXpqud1GpbpP5TuffXFqfX7fH2GgZREw==}

  '@typescript/typescript-aix-ppc64@7.0.2':
    resolution: {integrity: sha512-MTKKkWB7p/0E9xi1d1tHtZ5PiLkGEMIq88pK2CubZjOsLtYTLqhgIgi6zepFa+9GHZ6h05NMCkQxGKiPXMxXtQ==}
    engines: {node: '>=16.20.0'}
    cpu: [ppc64]
    os: [aix]

  '@typescript/typescript-darwin-arm64@7.0.2':
    resolution: {integrity: sha512-gowzar9MwS/aRWp6f3a4KUqzRjAZjOsmGNCM6LcTgXum+dBfgsBVMN+AgvOCCbguXyick6LJhpBszxMebJ8syA==}
    engines: {node: '>=16.20.0'}
    cpu: [arm64]
    os: [darwin]

  '@typescript/typescript-darwin-x64@7.0.2':
    resolution: {integrity: sha512-SZ9xZInqApNlNGc9s0W1VSsktYSOe9cFqNOIqmN1Gs8SmkjKZYFt017G4VwPxASInODuAdbTW7sXiFUf893RgA==}
    engines: {node: '>=16.20.0'}
    cpu: [x64]
    os: [darwin]

  '@typescript/typescript-freebsd-arm64@7.0.2':
    resolution: {integrity: sha512-W5NH4y/J0plIIS5b2xvTEkU7JFxyqdMAOgf+Ilhl0vHQXKO5dZoxd+C/jEtq56c4F3wk71RB4BMRQ2XdI+bwYQ==}
    engines: {node: '>=16.20.0'}
    cpu: [arm64]
    os: [freebsd]

  '@typescript/typescript-freebsd-x64@7.0.2':
    resolution: {integrity: sha512-UMGDx5sTpzNw3WiPebH7l90IWfJggEd+egHt/q6p7/Cm3zqoV7VxkGXt+3DxPIw8CcmvAB0j3sVVfbhX+M4Tpw==}
    engines: {node: '>=16.20.0'}
    cpu: [x64]
    os: [freebsd]

  '@typescript/typescript-linux-arm64@7.0.2':
    resolution: {integrity: sha512-Qh4eU4/y3yDjnfjjyPYihMj5/ODIlmt+Bzu17OI+fiSRDW57QmU5SiN63exPRNJPKUzcc1INa1NXdrJ+MqHjUQ==}
    engines: {node: '>=16.20.0'}
    cpu: [arm64]
    os: [linux]

  '@typescript/typescript-linux-arm@7.0.2':
    resolution: {integrity: sha512-gffT3xPz9sR7j/YJExkyPntrI0P2EP9XbOyWzth2/Gs0RstK+90RBcO0ncXoXy/beYll1SXw846Nf2zdnEz0QQ==}
    engines: {node: '>=16.20.0'}
    cpu: [arm]
    os: [linux]

  '@typescript/typescript-linux-loong64@7.0.2':
    resolution: {integrity: sha512-uEHck9i8hoAzXPiYRib1O7miOnz23SxIeVl6F4LXox+qov1K35jHcEW6VHKvZI+pyvl7fZEP4MCU5LYvIq1GuQ==}
    engines: {node: '>=16.20.0'}
    cpu: [loong64]
    os: [linux]

  '@typescript/typescript-linux-mips64el@7.0.2':
    resolution: {integrity: sha512-R4KvAMnE43W5Qeqb0Ly56O3mWMWIAgsMyz36DCaycd5nbg/9kzm0liw3JocfRqyJY0KPmzFjbswozXyW0DnIYA==}
    engines: {node: '>=16.20.0'}
    cpu: [mips64el]
    os: [linux]

  '@typescript/typescript-linux-ppc64@7.0.2':
    resolution: {integrity: sha512-DORx5b3sd/4S7eayxm4FQv+A7CrkUIGRaHiwI8oiHTAI1fAPWhF4J0vAlkC8biAlHSVVwxMQ3tjZ2/DVbnQiiA==}
    engines: {node: '>=16.20.0'}
    cpu: [ppc64]
    os: [linux]

  '@typescript/typescript-linux-riscv64@7.0.2':
    resolution: {integrity: sha512-wf0jqEDOjrPRnKwYRyyJDRo11KMbvMFrU+q4zqKyChODBzvlkbhNQfKvLxQCcwTpdDaXSHZTVuh0JoCrKCUMHQ==}
    engines: {node: '>=16.20.0'}
    cpu: [riscv64]
    os: [linux]

  '@typescript/typescript-linux-s390x@7.0.2':
    resolution: {integrity: sha512-IkwJc3L7yhytWd/ewjyxNDfOmswCm9GWMJT/ue/dU4aZNbwZeYAetq42VyLmsmSjvoX7z74X6ZaYCtzAr0EuGw==}
    engines: {node: '>=16.20.0'}
    cpu: [s390x]
    os: [linux]

  '@typescript/typescript-linux-x64@7.0.2':
    resolution: {integrity: sha512-EYdf2cNg7rgCWJnxCdJ+F3V39O8ihb37eHAu1LK8oAFizgTQbPOK7zHHXbPt8rX24COqODXeI3sIf0fCXG7H/A==}
    engines: {node: '>=16.20.0'}
    cpu: [x64]
    os: [linux]

  '@typescript/typescript-netbsd-arm64@7.0.2':
    resolution: {integrity: sha512-+polYF4MF04aPpO5FTkHran9yUQDSXqy5GiSDKpsll5jy3l3+g9QLhpf39T+ePtefhXLOGrLl0QIjkQP6VnelA==}
    engines: {node: '>=16.20.0'}
    cpu: [arm64]
    os: [netbsd]

  '@typescript/typescript-netbsd-x64@7.0.2':
    resolution: {integrity: sha512-8YIT0EHM/3dq10ZOVF/A7pc/YSMtbcecct4rWtexrnSCHOPcpC2KTLXfTCR6vDpnSiY12heNb1GiN/wu+T/FyA==}
    engines: {node: '>=16.20.0'}
    cpu: [x64]
    os: [netbsd]

  '@typescript/typescript-openbsd-arm64@7.0.2':
    resolution: {integrity: sha512-APT8+ClYnuYm1u9+kgGXoMj2VzWzcymwh2gNSQVySHfkRDGOTVkoWLjCmOQSaO+PoqQ57B0flRp9SA+7GnnkzQ==}
    engines: {node: '>=16.20.0'}
    cpu: [arm64]
    os: [openbsd]

  '@typescript/typescript-openbsd-x64@7.0.2':
    resolution: {integrity: sha512-yX7s+Q0Dln0Dt9tEzZsAjXXR/+ytBM7AlglaqyeMPxQszJ1JhlJdZ6jLA+IzldHtflX81em7lDao1xXu+aRRkg==}
    engines: {node: '>=16.20.0'}
    cpu: [x64]
    os: [openbsd]

  '@typescript/typescript-sunos-x64@7.0.2':
    resolution: {integrity: sha512-dLJDGaLZ1D4HPQn62u1n8mBDkJREwMsAkCdkwd4Ieqw+x3TUyTsqY0YiBCtE6H6OzzgGk3iuZ3vFWRS+E8/d1g==}
    engines: {node: '>=16.20.0'}
    cpu: [x64]
    os: [sunos]

  '@typescript/typescript-win32-arm64@7.0.2':
    resolution: {integrity: sha512-Gyl1Vy6OsWesLzmq+EP0Fb7b4Nid5232AvcA2SFcdYreldpNtYFFofPjnt62y9hQy7VTaZp65ICJjuAQRaVcIQ==}
    engines: {node: '>=16.20.0'}
    cpu: [arm64]
    os: [win32]

  '@typescript/typescript-win32-x64@7.0.2':
    resolution: {integrity: sha512-0BQ3HkAHHlKLSp1qRvf3SUhGpGsDuhB/jgFw75guyqbxJqEaS0Cw/VFO8i2nHglJUzQCRtMMR/IBAKE3ETMC4g==}
    engines: {node: '>=16.20.0'}
    cpu: [x64]
    os: [win32]

  asn1js@3.0.10:
    resolution: {integrity: sha512-S2s3aOytiKdFRdulw2qPE51MzjzVOisppcVv7jVFR+Kw0kxwvFrDcYA0h7Ndqbmj0HkMIXYWaoj7fli8kgx1eg==}
    engines: {node: '>=12.0.0'}

  pvtsutils@1.3.6:
    resolution: {integrity: sha512-PLgQXQ6H2FWCaeRak8vvk1GW462lMxB5s3Jm673N82zI4vqtVUPuZdffdZbPDFRoU8kAhItWFtPCWiPpp4/EDg==}

  pvutils@1.1.5:
    resolution: {integrity: sha512-KTqnxsgGiQ6ZAzZCVlJH5eOjSnvlyEgx1m8bkRJfOhmGRqfo5KLvmAlACQkrjEtOQ4B7wF9TdSLIs9O90MX9xA==}
    engines: {node: '>=16.0.0'}

  reflect-metadata@0.2.2:
    resolution: {integrity: sha512-urBwgfrvVP/eAyXx4hluJivBKzuEbSQs9rKWCrCkbSxNv8mxPcUZKeuoF3Uy4mJl3Lwprp6yy5/39VWigZ4K6Q==}

  tldts-core@7.4.0:
    resolution: {integrity: sha512-/mb9kRld+x1sIMXxWNOAp5m6C+D4GrAORWlJkOJ5dElvxdN1eutz/o7qHLp9gFvDF4Y3/L2xeScoxz6AbEo8rQ==}

  tldts@7.1.2:
    resolution: {integrity: sha512-RUX5sQm8bl03ycwQ6nSgJiKw9FZWhA8GBzxX6X1lsG3xKzFIW+lYLLpM30FQbDD6XjTWa/VkF15VxjnAMWYJAQ==}
    hasBin: true

  tslib@1.14.1:
    resolution: {integrity: sha512-Xni35NKzjgMrwevysHTCArtLDpPvye8zV/0E4EyYn43P7/7qvQwPh9BGkHewbMulVntbigmcT7rdX3BNo9wRJg==}

  tslib@2.8.1:
    resolution: {integrity: sha512-oJFu94HQb+KVduSUQL7wnpmqnfmLsOA/nAh6b6EH0wCEoK0/mPeXU6c3wKDV83MkOuHPRHtSXKKU99IBazS/2w==}

  tsyringe@4.10.0:
    resolution: {integrity: sha512-axr3IdNuVIxnaK5XGEUFTu3YmAQ6lllgrvqfEoR16g/HGnYY/6We4oWENtAnzK6/LpJ2ur9PAb80RBt7/U4ugw==}
    engines: {node: '>= 6.0.0'}

  typescript@7.0.2:
    resolution: {integrity: sha512-8FYau96o3NKOhbjKi/qNvG/W5jhzxkbdm5sj9AbZ/5T5sWqn3hJgLfGx27sRKZWTvyzCP8dLRBTf5tBTSRVUNA==}
    engines: {node: '>=16.20.0'}
    hasBin: true

  undici-types@8.3.0:
    resolution: {integrity: sha512-j375ScV60dom+YkPFIfTLcOiPxkN/buHz5GobjLhixFuANaNs3C9l4GmrWqejgXWJ7BbJcFYpTEUkS1Ge8bpZQ==}

snapshots:

  '@biomejs/biome@2.5.0':
    optionalDependencies:
      '@biomejs/cli-darwin-arm64': 2.5.0
      '@biomejs/cli-darwin-x64': 2.5.0
      '@biomejs/cli-linux-arm64': 2.5.0
      '@biomejs/cli-linux-arm64-musl': 2.5.0
      '@biomejs/cli-linux-x64': 2.5.0
      '@biomejs/cli-linux-x64-musl': 2.5.0
      '@biomejs/cli-win32-arm64': 2.5.0
      '@biomejs/cli-win32-x64': 2.5.0

  '@biomejs/cli-darwin-arm64@2.5.0':
    optional: true

  '@biomejs/cli-darwin-x64@2.5.0':
    optional: true

  '@biomejs/cli-linux-arm64-musl@2.5.0':
    optional: true

  '@biomejs/cli-linux-arm64@2.5.0':
    optional: true

  '@biomejs/cli-linux-x64-musl@2.5.0':
    optional: true

  '@biomejs/cli-linux-x64@2.5.0':
    optional: true

  '@biomejs/cli-win32-arm64@2.5.0':
    optional: true

  '@biomejs/cli-win32-x64@2.5.0':
    optional: true

  '@hexagon/base64@1.1.28': {}

  '@levischuck/tiny-cbor@0.2.11': {}

  '@peculiar/asn1-android@2.8.0':
    dependencies:
      '@peculiar/asn1-schema': 2.8.0
      asn1js: 3.0.10
      tslib: 2.8.1

  '@peculiar/asn1-cms@2.8.0':
    dependencies:
      '@peculiar/asn1-schema': 2.8.0
      '@peculiar/asn1-x509': 2.8.0
      '@peculiar/asn1-x509-attr': 2.8.0
      asn1js: 3.0.10
      tslib: 2.8.1

  '@peculiar/asn1-csr@2.8.0':
    dependencies:
      '@peculiar/asn1-schema': 2.8.0
      '@peculiar/asn1-x509': 2.8.0
      asn1js: 3.0.10
      tslib: 2.8.1

  '@peculiar/asn1-ecc@2.8.0':
    dependencies:
      '@peculiar/asn1-schema': 2.8.0
      '@peculiar/asn1-x509': 2.8.0
      asn1js: 3.0.10
      tslib: 2.8.1

  '@peculiar/asn1-pfx@2.8.0':
    dependencies:
      '@peculiar/asn1-cms': 2.8.0
      '@peculiar/asn1-pkcs8': 2.8.0
      '@peculiar/asn1-rsa': 2.8.0
      '@peculiar/asn1-schema': 2.8.0
      asn1js: 3.0.10
      tslib: 2.8.1

  '@peculiar/asn1-pkcs8@2.8.0':
    dependencies:
      '@peculiar/asn1-schema': 2.8.0
      '@peculiar/asn1-x509': 2.8.0
      asn1js: 3.0.10
      tslib: 2.8.1

  '@peculiar/asn1-pkcs9@2.8.0':
    dependencies:
      '@peculiar/asn1-cms': 2.8.0
      '@peculiar/asn1-pfx': 2.8.0
      '@peculiar/asn1-pkcs8': 2.8.0
      '@peculiar/asn1-schema': 2.8.0
      '@peculiar/asn1-x509': 2.8.0
      '@peculiar/asn1-x509-attr': 2.8.0
      asn1js: 3.0.10
      tslib: 2.8.1

  '@peculiar/asn1-rsa@2.8.0':
    dependencies:
      '@peculiar/asn1-schema': 2.8.0
      '@peculiar/asn1-x509': 2.8.0
      asn1js: 3.0.10
      tslib: 2.8.1

  '@peculiar/asn1-schema@2.8.0':
    dependencies:
      '@peculiar/utils': 2.0.3
      asn1js: 3.0.10
      tslib: 2.8.1

  '@peculiar/asn1-x509-attr@2.8.0':
    dependencies:
      '@peculiar/asn1-schema': 2.8.0
      '@peculiar/asn1-x509': 2.8.0
      asn1js: 3.0.10
      tslib: 2.8.1

  '@peculiar/asn1-x509@2.8.0':
    dependencies:
      '@peculiar/asn1-schema': 2.8.0
      '@peculiar/utils': 2.0.3
      asn1js: 3.0.10
      tslib: 2.8.1

  '@peculiar/utils@2.0.3':
    dependencies:
      tslib: 2.8.1

  '@peculiar/x509@1.14.3':
    dependencies:
      '@peculiar/asn1-cms': 2.8.0
      '@peculiar/asn1-csr': 2.8.0
      '@peculiar/asn1-ecc': 2.8.0
      '@peculiar/asn1-pkcs9': 2.8.0
      '@peculiar/asn1-rsa': 2.8.0
      '@peculiar/asn1-schema': 2.8.0
      '@peculiar/asn1-x509': 2.8.0
      pvtsutils: 1.3.6
      reflect-metadata: 0.2.2
      tslib: 2.8.1
      tsyringe: 4.10.0

  '@simplewebauthn/server@13.3.2':
    dependencies:
      '@hexagon/base64': 1.1.28
      '@levischuck/tiny-cbor': 0.2.11
      '@peculiar/asn1-android': 2.8.0
      '@peculiar/asn1-ecc': 2.8.0
      '@peculiar/asn1-rsa': 2.8.0
      '@peculiar/asn1-schema': 2.8.0
      '@peculiar/asn1-x509': 2.8.0
      '@peculiar/x509': 1.14.3

  '@tsconfig/recommended@1.0.13': {}

  '@types/node@26.1.1':
    dependencies:
      undici-types: 8.3.0

  '@typescript/typescript-aix-ppc64@7.0.2':
    optional: true

  '@typescript/typescript-darwin-arm64@7.0.2':
    optional: true

  '@typescript/typescript-darwin-x64@7.0.2':
    optional: true

  '@typescript/typescript-freebsd-arm64@7.0.2':
    optional: true

  '@typescript/typescript-freebsd-x64@7.0.2':
    optional: true

  '@typescript/typescript-linux-arm64@7.0.2':
    optional: true

  '@typescript/typescript-linux-arm@7.0.2':
    optional: true

  '@typescript/typescript-linux-loong64@7.0.2':
    optional: true

  '@typescript/typescript-linux-mips64el@7.0.2':
    optional: true

  '@typescript/typescript-linux-ppc64@7.0.2':
    optional: true

  '@typescript/typescript-linux-riscv64@7.0.2':
    optional: true

  '@typescript/typescript-linux-s390x@7.0.2':
    optional: true

  '@typescript/typescript-linux-x64@7.0.2':
    optional: true

  '@typescript/typescript-netbsd-arm64@7.0.2':
    optional: true

  '@typescript/typescript-netbsd-x64@7.0.2':
    optional: true

  '@typescript/typescript-openbsd-arm64@7.0.2':
    optional: true

  '@typescript/typescript-openbsd-x64@7.0.2':
    optional: true

  '@typescript/typescript-sunos-x64@7.0.2':
    optional: true

  '@typescript/typescript-win32-arm64@7.0.2':
    optional: true

  '@typescript/typescript-win32-x64@7.0.2':
    optional: true

  asn1js@3.0.10:
    dependencies:
      pvtsutils: 1.3.6
      pvutils: 1.1.5
      tslib: 2.8.1

  pvtsutils@1.3.6:
    dependencies:
      tslib: 2.8.1

  pvutils@1.1.5: {}

  reflect-metadata@0.2.2: {}

  tldts-core@7.4.0: {}

  tldts@7.1.2:
    dependencies:
      tldts-core: 7.4.0

  tslib@1.14.1: {}

  tslib@2.8.1: {}

  tsyringe@4.10.0:
    dependencies:
      tslib: 1.14.1

  typescript@7.0.2:
    optionalDependencies:
      '@typescript/typescript-aix-ppc64': 7.0.2
      '@typescript/typescript-darwin-arm64': 7.0.2
      '@typescript/typescript-darwin-x64': 7.0.2
      '@typescript/typescript-freebsd-arm64': 7.0.2
      '@typescript/typescript-freebsd-x64': 7.0.2
      '@typescript/typescript-linux-arm': 7.0.2
      '@typescript/typescript-linux-arm64': 7.0.2
      '@typescript/typescript-linux-loong64': 7.0.2
      '@typescript/typescript-linux-mips64el': 7.0.2
      '@typescript/typescript-linux-ppc64': 7.0.2
      '@typescript/typescript-linux-riscv64': 7.0.2
      '@typescript/typescript-linux-s390x': 7.0.2
      '@typescript/typescript-linux-x64': 7.0.2
      '@typescript/typescript-netbsd-arm64': 7.0.2
      '@typescript/typescript-netbsd-x64': 7.0.2
      '@typescript/typescript-openbsd-arm64': 7.0.2
      '@typescript/typescript-openbsd-x64': 7.0.2
      '@typescript/typescript-sunos-x64': 7.0.2
      '@typescript/typescript-win32-arm64': 7.0.2
      '@typescript/typescript-win32-x64': 7.0.2

  undici-types@8.3.0: {}
