lockfileVersion: '9.0'

settings:
  autoInstallPeers: true
  excludeLinksFromLockfile: false

importers:

  .:
    dependencies:
      tldts:
        specifier: 7.1.2
        version: 7.1.2
    devDependencies:
      '@biomejs/biome':
        specifier: 2.4.15
        version: 2.4.15
      '@simplewebauthn/server':
        specifier: 13.3.0
        version: 13.3.0
      '@tsconfig/recommended':
        specifier: 1.0.13
        version: 1.0.13
      '@types/node':
        specifier: 25.9.1
        version: 25.9.1
      ts-node:
        specifier: 10.9.2
        version: 10.9.2(@types/node@25.9.1)(typescript@5.9.3)
      typescript:
        specifier: 5.9.3
        version: 5.9.3

packages:

  '@biomejs/biome@2.4.15':
    resolution: {integrity: sha512-j5VH3a/h/HXTKBM50MDMxRCzkeLv9S2XJcW2WgnZT1+xyisi+0bISrXR82gCX+8S9lvK0skEvHJRN+3Ktr2hlw==}
    engines: {node: '>=14.21.3'}
    hasBin: true

  '@biomejs/cli-darwin-arm64@2.4.15':
    resolution: {integrity: sha512-rF3PPqLq1yoST79zaQbDjVJwsuIeci/O+9bgNmC5QpgOqz6aqYuzA4abyAGx+mgyiDXn4A049xAN8gijbuR1Qg==}
    engines: {node: '>=14.21.3'}
    cpu: [arm64]
    os: [darwin]

  '@biomejs/cli-darwin-x64@2.4.15':
    resolution: {integrity: sha512-/5KHXYMfSJs1fNXiX30xFtI8JcCFV6zaVVLxOa0M2sfqBKHkpQhRTv94yxQWxeTY2lzo2OuTlNvPC+hDQt2wcQ==}
    engines: {node: '>=14.21.3'}
    cpu: [x64]
    os: [darwin]

  '@biomejs/cli-linux-arm64-musl@2.4.15':
    resolution: {integrity: sha512-ZPcxznxm0pogHBLZhYntyR3sR+MrZjqJIKEr7ZqVen0Rl+P/4upVmfYXjftizi9RoqZntg33fv/1fbdhbYXpEQ==}
    engines: {node: '>=14.21.3'}
    cpu: [arm64]
    os: [linux]
    libc: [musl]

  '@biomejs/cli-linux-arm64@2.4.15':
    resolution: {integrity: sha512-owaAMZD/T4LrD0ELNCk0Km3qrRHuM0X6EAyVE1FSqGY0rbLoiDLrO4Us2tllm6cAeB2Ioa9C2C08NZPdr8+0Ug==}
    engines: {node: '>=14.21.3'}
    cpu: [arm64]
    os: [linux]
    libc: [glibc]

  '@biomejs/cli-linux-x64-musl@2.4.15':
    resolution: {integrity: sha512-CNq/9W38SYSH023lfcQ4KKU8K0YX8T//FZUhcgtMMRABDojx5XsMV7jlweAvGSl389wJQB29Qo6Zb/a+jdvt+w==}
    engines: {node: '>=14.21.3'}
    cpu: [x64]
    os: [linux]
    libc: [musl]

  '@biomejs/cli-linux-x64@2.4.15':
    resolution: {integrity: sha512-0jj7THz12GbUOLmMibktK6DZjqz2zV64KFxyBtcFTKPiiOIY0a7vns1elpO1dERvxpsZ5ik0oFfz0oGwFde1+g==}
    engines: {node: '>=14.21.3'}
    cpu: [x64]
    os: [linux]
    libc: [glibc]

  '@biomejs/cli-win32-arm64@2.4.15':
    resolution: {integrity: sha512-ouhkYdlhp/1GghEJPdWwD/Vi3gQ1nFxuSpMolWsbq3Lsq3QUR4jl6UdhhscdCugKU5vOEuMiJhvKj66O0OCq+w==}
    engines: {node: '>=14.21.3'}
    cpu: [arm64]
    os: [win32]

  '@biomejs/cli-win32-x64@2.4.15':
    resolution: {integrity: sha512-zBrGq5mx5wwpnow4+2BxUvleDM+GNd4sLbPaMapsSLQLD0NGRCquqPBTgN+7XkUteHvj7M+BstuI8tmnV7+HgQ==}
    engines: {node: '>=14.21.3'}
    cpu: [x64]
    os: [win32]

  '@cspotcode/source-map-support@0.8.1':
    resolution: {integrity: sha512-IchNf6dN4tHoMFIn/7OE8LWZ19Y6q/67Bmf6vnGREv8RSbBVb9LPJxEcnwrcwX6ixSvaiGoomAUvu4YSxXrVgw==}
    engines: {node: '>=12'}

  '@hexagon/base64@1.1.28':
    resolution: {integrity: sha512-lhqDEAvWixy3bZ+UOYbPwUbBkwBq5C1LAJ/xPC8Oi+lL54oyakv/npbA0aU2hgCsx/1NUd4IBvV03+aUBWxerw==}

  '@jridgewell/resolve-uri@3.1.2':
    resolution: {integrity: sha512-bRISgCIjP20/tbWSPWMEi54QVPRZExkuD9lJL+UIxUKtwVJA8wW1Trb1jMs1RFXo1CBTNZ/5hpC9QvmKWdopKw==}
    engines: {node: '>=6.0.0'}

  '@jridgewell/sourcemap-codec@1.5.5':
    resolution: {integrity: sha512-cYQ9310grqxueWbl+WuIUIaiUaDcj7WOq5fVhEljNVgRfOUhY9fy2zTvfoqWsnebh8Sl70VScFbICvJnLKB0Og==}

  '@jridgewell/trace-mapping@0.3.9':
    resolution: {integrity: sha512-3Belt6tdc8bPgAtbcmdtNJlirVoTmEb5e2gC94PnkwEW9jI6CAHUeoG85tjWP5WquqfavoMtMwiG4P926ZKKuQ==}

  '@levischuck/tiny-cbor@0.2.11':
    resolution: {integrity: sha512-llBRm4dT4Z89aRsm6u2oEZ8tfwL/2l6BwpZ7JcyieouniDECM5AqNgr/y08zalEIvW3RSK4upYyybDcmjXqAow==}

  '@peculiar/asn1-android@2.7.0':
    resolution: {integrity: sha512-iD3VskhVQnM4nE3PN9cBdPTR7JrqZy3FYk+uD2CeG6DUqKoANqaEfx0f7izPmW+Qm5JBM35ek+viLCmjy18ByQ==}

  '@peculiar/asn1-cms@2.7.0':
    resolution: {integrity: sha512-hew63shtzzvBcSHbhm+cyAmKe6AIfinT9hzEqSPjDC6opTTMKmTkQ0gHuN2KsWlvqiKw1S/fS94fhag/FJkioQ==}

  '@peculiar/asn1-csr@2.7.0':
    resolution: {integrity: sha512-VVsAyGqErT9D1SY4aEqozThXMVI+ssVRiv2DDeYuvpBKLIgZ3hYs3Ay3u/VSoKq6ESFi9cf6rf3IOOzfwh7oMA==}

  '@peculiar/asn1-ecc@2.7.0':
    resolution: {integrity: sha512-n7KEs/Q/wrB415cxy4fHOBhegp4NdJ15fkJPwcB/3/8iNBQC2L/N7SChJPKDJPZGYH0jD4Tg4/0vnHmwghnbKw==}

  '@peculiar/asn1-pfx@2.7.0':
    resolution: {integrity: sha512-V/nrlQVmhg7lYAsM7E13UDL5erAwFv6kCIVFqNaMIHSVi7dngcT839JkRTkQBqznMG98l2XjxYk74ZztAohZzA==}

  '@peculiar/asn1-pkcs8@2.7.0':
    resolution: {integrity: sha512-9GTl1nE8Mx1kTZ+7QyYatDyKsm34QcWRBFkY1iPvWC3X4Dona5s/tlLiQsx5WzVdZqiMBZNYT0buyw4/vbhnjw==}

  '@peculiar/asn1-pkcs9@2.7.0':
    resolution: {integrity: sha512-Bh7m+OuIaSEllPQcSd9OSp93F4ROWH7sbITWV8MI+8dwsjE5111/87VxiWVvYFKyww3vp39geLv9ENqhwWHcew==}

  '@peculiar/asn1-rsa@2.7.0':
    resolution: {integrity: sha512-/qvENQrXyTZURjMqSeofHul0JJt2sNSzSwk36pl2olkHbaioMQgrASDZAlHXl0xUlnVbHj0uGgOrBMTb5x2aJQ==}

  '@peculiar/asn1-schema@2.7.0':
    resolution: {integrity: sha512-W8ZfWzLmQnrcky+eh3tni4IozMdqBDiHWU0N+vve/UGjMaUs8c0L7A2oEdkBXS8rTpWDpK/aoI3DG/L/hxmxPg==}

  '@peculiar/asn1-x509-attr@2.7.0':
    resolution: {integrity: sha512-NS8e7SOgXipkzUPLF/sce7ukpMpWjhxYsH0n6Y+bHYo4TTxOb95Zv7hqwSuL212mj5YxovjdOKQOgH1As3E94w==}

  '@peculiar/asn1-x509@2.7.0':
    resolution: {integrity: sha512-mUn9RRrkGDnG4ALfunDmzyRW5dg+sWCj/pfnCCqEHYbkGxEpvUt6iVJv8Yw1cyp6SWZ26ZE5oSmI5SqEaen15g==}

  '@peculiar/utils@2.0.3':
    resolution: {integrity: sha512-+oL3HPFRIZ1St2K50lWCXiioIgSoxzz7R1J3uF6neO2yl1sgmpgY6XXJH4BdpoDkMWznQTeYF6oWNDZLCdQ4eQ==}

  '@peculiar/x509@1.14.3':
    resolution: {integrity: sha512-C2Xj8FZ0uHWeCXXqX5B4/gVFQmtSkiuOolzAgutjTfseNOHT3pUjljDZsTSxXFGgio54bCzVFqmEOUrIVk8RDA==}
    engines: {node: '>=20.0.0'}

  '@simplewebauthn/server@13.3.0':
    resolution: {integrity: sha512-MLHYFrYG8/wK2i+86XMhiecK72nMaHKKt4bo+7Q1TbuG9iGjlSdfkPWKO5ZFE/BX+ygCJ7pr8H/AJeyAj1EaTQ==}
    engines: {node: '>=20.0.0'}

  '@tsconfig/node10@1.0.12':
    resolution: {integrity: sha512-UCYBaeFvM11aU2y3YPZ//O5Rhj+xKyzy7mvcIoAjASbigy8mHMryP5cK7dgjlz2hWxh1g5pLw084E0a/wlUSFQ==}

  '@tsconfig/node12@1.0.11':
    resolution: {integrity: sha512-cqefuRsh12pWyGsIoBKJA9luFu3mRxCA+ORZvA4ktLSzIuCUtWVxGIuXigEwO5/ywWFMZ2QEGKWvkZG1zDMTag==}

  '@tsconfig/node14@1.0.3':
    resolution: {integrity: sha512-ysT8mhdixWK6Hw3i1V2AeRqZ5WfXg1G43mqoYlM2nc6388Fq5jcXyr5mRsqViLx/GJYdoL0bfXD8nmF+Zn/Iow==}

  '@tsconfig/node16@1.0.4':
    resolution: {integrity: sha512-vxhUy4J8lyeyinH7Azl1pdd43GJhZH/tP2weN8TntQblOY+A0XbT8DJk1/oCPuOOyg/Ja757rG0CgHcWC8OfMA==}

  '@tsconfig/recommended@1.0.13':
    resolution: {integrity: sha512-sySRuBfMKyKO/j2ZAhR8kSembhjuPEV4Ra3AHtmWLq51+iGaudr45crPSzNC5b7/Ctrh9dfUpBuTlYrH6rM58Q==}

  '@types/node@25.9.1':
    resolution: {integrity: sha512-xfrlY7UD5rMJk3ZVJP8BNzS28J36YJg+xp+LPXV1TdWxr8uMH5A860QNxYDGQe/ylDSgjxE52Q9VnO7p75tJxg==}

  acorn-walk@8.3.5:
    resolution: {integrity: sha512-HEHNfbars9v4pgpW6SO1KSPkfoS0xVOM/9UzkJltjlsHZmJasxg8aXkuZa7SMf8vKGIBhpUsPluQSqhJFCqebw==}
    engines: {node: '>=0.4.0'}

  acorn@8.16.0:
    resolution: {integrity: sha512-UVJyE9MttOsBQIDKw1skb9nAwQuR5wuGD3+82K6JgJlm/Y+KI92oNsMNGZCYdDsVtRHSak0pcV5Dno5+4jh9sw==}
    engines: {node: '>=0.4.0'}
    hasBin: true

  arg@4.1.3:
    resolution: {integrity: sha512-58S9QDqG0Xx27YwPSt9fJxivjYl432YCwfDMfZ+71RAqUrZef7LrKQZ3LHLOwCS4FLNBplP533Zx895SeOCHvA==}

  asn1js@3.0.10:
    resolution: {integrity: sha512-S2s3aOytiKdFRdulw2qPE51MzjzVOisppcVv7jVFR+Kw0kxwvFrDcYA0h7Ndqbmj0HkMIXYWaoj7fli8kgx1eg==}
    engines: {node: '>=12.0.0'}

  create-require@1.1.1:
    resolution: {integrity: sha512-dcKFX3jn0MpIaXjisoRvexIJVEKzaq7z2rZKxf+MSr9TkdmHmsU4m2lcLojrj/FHl8mk5VxMmYA+ftRkP/3oKQ==}

  diff@4.0.4:
    resolution: {integrity: sha512-X07nttJQkwkfKfvTPG/KSnE2OMdcUCao6+eXF3wmnIQRn2aPAHH3VxDbDOdegkd6JbPsXqShpvEOHfAT+nCNwQ==}
    engines: {node: '>=0.3.1'}

  make-error@1.3.6:
    resolution: {integrity: sha512-s8UhlNe7vPKomQhC1qFelMokr/Sc3AgNbso3n74mVPA5LTZwkB9NlXf4XPamLxJE8h0gh73rM94xvwRT2CVInw==}

  pvtsutils@1.3.6:
    resolution: {integrity: sha512-PLgQXQ6H2FWCaeRak8vvk1GW462lMxB5s3Jm673N82zI4vqtVUPuZdffdZbPDFRoU8kAhItWFtPCWiPpp4/EDg==}

  pvutils@1.1.5:
    resolution: {integrity: sha512-KTqnxsgGiQ6ZAzZCVlJH5eOjSnvlyEgx1m8bkRJfOhmGRqfo5KLvmAlACQkrjEtOQ4B7wF9TdSLIs9O90MX9xA==}
    engines: {node: '>=16.0.0'}

  reflect-metadata@0.2.2:
    resolution: {integrity: sha512-urBwgfrvVP/eAyXx4hluJivBKzuEbSQs9rKWCrCkbSxNv8mxPcUZKeuoF3Uy4mJl3Lwprp6yy5/39VWigZ4K6Q==}

  tldts-core@7.4.0:
    resolution: {integrity: sha512-/mb9kRld+x1sIMXxWNOAp5m6C+D4GrAORWlJkOJ5dElvxdN1eutz/o7qHLp9gFvDF4Y3/L2xeScoxz6AbEo8rQ==}

  tldts@7.1.2:
    resolution: {integrity: sha512-RUX5sQm8bl03ycwQ6nSgJiKw9FZWhA8GBzxX6X1lsG3xKzFIW+lYLLpM30FQbDD6XjTWa/VkF15VxjnAMWYJAQ==}
    hasBin: true

  ts-node@10.9.2:
    resolution: {integrity: sha512-f0FFpIdcHgn8zcPSbf1dRevwt047YMnaiJM3u2w2RewrB+fob/zePZcrOyQoLMMO7aBIddLcQIEK5dYjkLnGrQ==}
    hasBin: true
    peerDependencies:
      '@swc/core': '>=1.2.50'
      '@swc/wasm': '>=1.2.50'
      '@types/node': '*'
      typescript: '>=2.7'
    peerDependenciesMeta:
      '@swc/core':
        optional: true
      '@swc/wasm':
        optional: true

  tslib@1.14.1:
    resolution: {integrity: sha512-Xni35NKzjgMrwevysHTCArtLDpPvye8zV/0E4EyYn43P7/7qvQwPh9BGkHewbMulVntbigmcT7rdX3BNo9wRJg==}

  tslib@2.8.1:
    resolution: {integrity: sha512-oJFu94HQb+KVduSUQL7wnpmqnfmLsOA/nAh6b6EH0wCEoK0/mPeXU6c3wKDV83MkOuHPRHtSXKKU99IBazS/2w==}

  tsyringe@4.10.0:
    resolution: {integrity: sha512-axr3IdNuVIxnaK5XGEUFTu3YmAQ6lllgrvqfEoR16g/HGnYY/6We4oWENtAnzK6/LpJ2ur9PAb80RBt7/U4ugw==}
    engines: {node: '>= 6.0.0'}

  typescript@5.9.3:
    resolution: {integrity: sha512-jl1vZzPDinLr9eUt3J/t7V6FgNEw9QjvBPdysz9KfQDD41fQrC2Y4vKQdiaUpFT4bXlb1RHhLpp8wtm6M5TgSw==}
    engines: {node: '>=14.17'}
    hasBin: true

  undici-types@7.24.6:
    resolution: {integrity: sha512-WRNW+sJgj5OBN4/0JpHFqtqzhpbnV0GuB+OozA9gCL7a993SmU+1JBZCzLNxYsbMfIeDL+lTsphD5jN5N+n0zg==}

  v8-compile-cache-lib@3.0.1:
    resolution: {integrity: sha512-wa7YjyUGfNZngI/vtK0UHAN+lgDCxBPCylVXGp0zu59Fz5aiGtNXaq3DhIov063MorB+VfufLh3JlF2KdTK3xg==}

  yn@3.1.1:
    resolution: {integrity: sha512-Ux4ygGWsu2c7isFWe8Yu1YluJmqVhxqK2cLXNQA5AcC3QfbGNpM7fu0Y8b/z16pXLnFxZYvWhd3fhBY9DLmC6Q==}
    engines: {node: '>=6'}

snapshots:

  '@biomejs/biome@2.4.15':
    optionalDependencies:
      '@biomejs/cli-darwin-arm64': 2.4.15
      '@biomejs/cli-darwin-x64': 2.4.15
      '@biomejs/cli-linux-arm64': 2.4.15
      '@biomejs/cli-linux-arm64-musl': 2.4.15
      '@biomejs/cli-linux-x64': 2.4.15
      '@biomejs/cli-linux-x64-musl': 2.4.15
      '@biomejs/cli-win32-arm64': 2.4.15
      '@biomejs/cli-win32-x64': 2.4.15

  '@biomejs/cli-darwin-arm64@2.4.15':
    optional: true

  '@biomejs/cli-darwin-x64@2.4.15':
    optional: true

  '@biomejs/cli-linux-arm64-musl@2.4.15':
    optional: true

  '@biomejs/cli-linux-arm64@2.4.15':
    optional: true

  '@biomejs/cli-linux-x64-musl@2.4.15':
    optional: true

  '@biomejs/cli-linux-x64@2.4.15':
    optional: true

  '@biomejs/cli-win32-arm64@2.4.15':
    optional: true

  '@biomejs/cli-win32-x64@2.4.15':
    optional: true

  '@cspotcode/source-map-support@0.8.1':
    dependencies:
      '@jridgewell/trace-mapping': 0.3.9

  '@hexagon/base64@1.1.28': {}

  '@jridgewell/resolve-uri@3.1.2': {}

  '@jridgewell/sourcemap-codec@1.5.5': {}

  '@jridgewell/trace-mapping@0.3.9':
    dependencies:
      '@jridgewell/resolve-uri': 3.1.2
      '@jridgewell/sourcemap-codec': 1.5.5

  '@levischuck/tiny-cbor@0.2.11': {}

  '@peculiar/asn1-android@2.7.0':
    dependencies:
      '@peculiar/asn1-schema': 2.7.0
      asn1js: 3.0.10
      tslib: 2.8.1

  '@peculiar/asn1-cms@2.7.0':
    dependencies:
      '@peculiar/asn1-schema': 2.7.0
      '@peculiar/asn1-x509': 2.7.0
      '@peculiar/asn1-x509-attr': 2.7.0
      asn1js: 3.0.10
      tslib: 2.8.1

  '@peculiar/asn1-csr@2.7.0':
    dependencies:
      '@peculiar/asn1-schema': 2.7.0
      '@peculiar/asn1-x509': 2.7.0
      asn1js: 3.0.10
      tslib: 2.8.1

  '@peculiar/asn1-ecc@2.7.0':
    dependencies:
      '@peculiar/asn1-schema': 2.7.0
      '@peculiar/asn1-x509': 2.7.0
      asn1js: 3.0.10
      tslib: 2.8.1

  '@peculiar/asn1-pfx@2.7.0':
    dependencies:
      '@peculiar/asn1-cms': 2.7.0
      '@peculiar/asn1-pkcs8': 2.7.0
      '@peculiar/asn1-rsa': 2.7.0
      '@peculiar/asn1-schema': 2.7.0
      asn1js: 3.0.10
      tslib: 2.8.1

  '@peculiar/asn1-pkcs8@2.7.0':
    dependencies:
      '@peculiar/asn1-schema': 2.7.0
      '@peculiar/asn1-x509': 2.7.0
      asn1js: 3.0.10
      tslib: 2.8.1

  '@peculiar/asn1-pkcs9@2.7.0':
    dependencies:
      '@peculiar/asn1-cms': 2.7.0
      '@peculiar/asn1-pfx': 2.7.0
      '@peculiar/asn1-pkcs8': 2.7.0
      '@peculiar/asn1-schema': 2.7.0
      '@peculiar/asn1-x509': 2.7.0
      '@peculiar/asn1-x509-attr': 2.7.0
      asn1js: 3.0.10
      tslib: 2.8.1

  '@peculiar/asn1-rsa@2.7.0':
    dependencies:
      '@peculiar/asn1-schema': 2.7.0
      '@peculiar/asn1-x509': 2.7.0
      asn1js: 3.0.10
      tslib: 2.8.1

  '@peculiar/asn1-schema@2.7.0':
    dependencies:
      '@peculiar/utils': 2.0.3
      asn1js: 3.0.10
      tslib: 2.8.1

  '@peculiar/asn1-x509-attr@2.7.0':
    dependencies:
      '@peculiar/asn1-schema': 2.7.0
      '@peculiar/asn1-x509': 2.7.0
      asn1js: 3.0.10
      tslib: 2.8.1

  '@peculiar/asn1-x509@2.7.0':
    dependencies:
      '@peculiar/asn1-schema': 2.7.0
      '@peculiar/utils': 2.0.3
      asn1js: 3.0.10
      tslib: 2.8.1

  '@peculiar/utils@2.0.3':
    dependencies:
      tslib: 2.8.1

  '@peculiar/x509@1.14.3':
    dependencies:
      '@peculiar/asn1-cms': 2.7.0
      '@peculiar/asn1-csr': 2.7.0
      '@peculiar/asn1-ecc': 2.7.0
      '@peculiar/asn1-pkcs9': 2.7.0
      '@peculiar/asn1-rsa': 2.7.0
      '@peculiar/asn1-schema': 2.7.0
      '@peculiar/asn1-x509': 2.7.0
      pvtsutils: 1.3.6
      reflect-metadata: 0.2.2
      tslib: 2.8.1
      tsyringe: 4.10.0

  '@simplewebauthn/server@13.3.0':
    dependencies:
      '@hexagon/base64': 1.1.28
      '@levischuck/tiny-cbor': 0.2.11
      '@peculiar/asn1-android': 2.7.0
      '@peculiar/asn1-ecc': 2.7.0
      '@peculiar/asn1-rsa': 2.7.0
      '@peculiar/asn1-schema': 2.7.0
      '@peculiar/asn1-x509': 2.7.0
      '@peculiar/x509': 1.14.3

  '@tsconfig/node10@1.0.12': {}

  '@tsconfig/node12@1.0.11': {}

  '@tsconfig/node14@1.0.3': {}

  '@tsconfig/node16@1.0.4': {}

  '@tsconfig/recommended@1.0.13': {}

  '@types/node@25.9.1':
    dependencies:
      undici-types: 7.24.6

  acorn-walk@8.3.5:
    dependencies:
      acorn: 8.16.0

  acorn@8.16.0: {}

  arg@4.1.3: {}

  asn1js@3.0.10:
    dependencies:
      pvtsutils: 1.3.6
      pvutils: 1.1.5
      tslib: 2.8.1

  create-require@1.1.1: {}

  diff@4.0.4: {}

  make-error@1.3.6: {}

  pvtsutils@1.3.6:
    dependencies:
      tslib: 2.8.1

  pvutils@1.1.5: {}

  reflect-metadata@0.2.2: {}

  tldts-core@7.4.0: {}

  tldts@7.1.2:
    dependencies:
      tldts-core: 7.4.0

  ts-node@10.9.2(@types/node@25.9.1)(typescript@5.9.3):
    dependencies:
      '@cspotcode/source-map-support': 0.8.1
      '@tsconfig/node10': 1.0.12
      '@tsconfig/node12': 1.0.11
      '@tsconfig/node14': 1.0.3
      '@tsconfig/node16': 1.0.4
      '@types/node': 25.9.1
      acorn: 8.16.0
      acorn-walk: 8.3.5
      arg: 4.1.3
      create-require: 1.1.1
      diff: 4.0.4
      make-error: 1.3.6
      typescript: 5.9.3
      v8-compile-cache-lib: 3.0.1
      yn: 3.1.1

  tslib@1.14.1: {}

  tslib@2.8.1: {}

  tsyringe@4.10.0:
    dependencies:
      tslib: 1.14.1

  typescript@5.9.3: {}

  undici-types@7.24.6: {}

  v8-compile-cache-lib@3.0.1: {}

  yn@3.1.1: {}
